
Microsoft Visual Studio Solution File, Format Version 12.00
# Visual Studio 15
VisualStudioVersion = 15.0.27428.2037
MinimumVisualStudioVersion = 10.0.40219.1
Project("{FAE04EC0-301F-11D3-BF4B-00C04F79EFBC}") = "my_repo_project", "my_repo_project\my_repo_project.csproj", "{4BE79A00-B4BF-473A-8F58-40A0A26E2F33}"
EndProject
Global
	GlobalSection(SolutionConfigurationPlatforms) = preSolution
		Debug|Any CPU = Debug|Any CPU
		Release|Any CPU = Release|Any CPU
	EndGlobalSection
	GlobalSection(ProjectConfigurationPlatforms) = postSolution
		{4BE79A00-B4BF-473A-8F58-40A0A26E2F33}.Debug|Any CPU.ActiveCfg = Debug|Any CPU
		{4BE79A00-B4BF-473A-8F58-40A0A26E2F33}.Debug|Any CPU.Build.0 = Debug|Any CPU
		{4BE79A00-B4BF-473A-8F58-40A0A26E2F33}.Release|Any CPU.ActiveCfg = Release|Any CPU
		{4BE79A00-B4BF-473A-8F58-40A0A26E2F33}.Release|Any CPU.Build.0 = Release|Any CPU
	EndGlobalSection
	GlobalSection(SolutionProperties) = preSolution
		HideSolutionNode = FALSE
	EndGlobalSection
	GlobalSection(ExtensibilityGlobals) = postSolution
		SolutionGuid = {D31895E5-2F81-441F-AB53-726FE94E1B9D}
	EndGlobalSection
EndGlobal
